
Microsoft Visual Studio Solution File, Format Version 12.00
# Visual Studio Version 16
VisualStudioVersion = 16.0.33529.622
MinimumVisualStudioVersion = 10.0.40219.1
Project("{FAE04EC0-301F-11D3-BF4B-00C04F79EFBC}") = "DemoAutoMapper", "DemoAutoMapper.csproj", "{AA5EC268-B8DD-46DC-B7E0-FC6DDE7C09C9}"
EndProject
Global
	GlobalSection(SolutionConfigurationPlatforms) = preSolution
		Debug|Any CPU = Debug|Any CPU
		Release|Any CPU = Release|Any CPU
	EndGlobalSection
	GlobalSection(ProjectConfigurationPlatforms) = postSolution
		{AA5EC268-B8DD-46DC-B7E0-FC6DDE7C09C9}.Debug|Any CPU.ActiveCfg = Debug|Any CPU
		{AA5EC268-B8DD-46DC-B7E0-FC6DDE7C09C9}.Debug|Any CPU.Build.0 = Debug|Any CPU
		{AA5EC268-B8DD-46DC-B7E0-FC6DDE7C09C9}.Release|Any CPU.ActiveCfg = Release|Any CPU
		{AA5EC268-B8DD-46DC-B7E0-FC6DDE7C09C9}.Release|Any CPU.Build.0 = Release|Any CPU
	EndGlobalSection
	GlobalSection(SolutionProperties) = preSolution
		HideSolutionNode = FALSE
	EndGlobalSection
	GlobalSection(ExtensibilityGlobals) = postSolution
		SolutionGuid = {F4A86AEC-704A-4DF8-8C18-5669EBF9C9EF}
	EndGlobalSection
EndGlobal
