
Microsoft Visual Studio Solution File, Format Version 12.00
# Visual Studio Version 16
VisualStudioVersion = 16.0.34114.132
MinimumVisualStudioVersion = 10.0.40219.1
Project("{FAE04EC0-301F-11D3-BF4B-00C04F79EFBC}") = "GlobalExceptionalHandlingInWebAPI", "GlobalExceptionalHandlingInWebAPI.csproj", "{19F27099-8D70-459E-9CD0-63A247486CC2}"
EndProject
Project("{FAE04EC0-301F-11D3-BF4B-00C04F79EFBC}") = "LoggerService", "..\LoggerService\LoggerService.csproj", "{44B3C701-8EDF-44FB-A299-0A861EA9CD7C}"
EndProject
Global
	GlobalSection(SolutionConfigurationPlatforms) = preSolution
		Debug|Any CPU = Debug|Any CPU
		Release|Any CPU = Release|Any CPU
	EndGlobalSection
	GlobalSection(ProjectConfigurationPlatforms) = postSolution
		{19F27099-8D70-459E-9CD0-63A247486CC2}.Debug|Any CPU.ActiveCfg = Debug|Any CPU
		{19F27099-8D70-459E-9CD0-63A247486CC2}.Debug|Any CPU.Build.0 = Debug|Any CPU
		{19F27099-8D70-459E-9CD0-63A247486CC2}.Release|Any CPU.ActiveCfg = Release|Any CPU
		{19F27099-8D70-459E-9CD0-63A247486CC2}.Release|Any CPU.Build.0 = Release|Any CPU
		{44B3C701-8EDF-44FB-A299-0A861EA9CD7C}.Debug|Any CPU.ActiveCfg = Debug|Any CPU
		{44B3C701-8EDF-44FB-A299-0A861EA9CD7C}.Debug|Any CPU.Build.0 = Debug|Any CPU
		{44B3C701-8EDF-44FB-A299-0A861EA9CD7C}.Release|Any CPU.ActiveCfg = Release|Any CPU
		{44B3C701-8EDF-44FB-A299-0A861EA9CD7C}.Release|Any CPU.Build.0 = Release|Any CPU
	EndGlobalSection
	GlobalSection(SolutionProperties) = preSolution
		HideSolutionNode = FALSE
	EndGlobalSection
	GlobalSection(ExtensibilityGlobals) = postSolution
		SolutionGuid = {72197B3E-93D2-48D3-B035-4221BFAC6E40}
	EndGlobalSection
EndGlobal
